
Microsoft Visual Studio Solution File, Format Version 12.00
# Visual Studio Version 17
VisualStudioVersion = 17.3.32901.215
MinimumVisualStudioVersion = 10.0.40219.1
Project("{FAE04EC0-301F-11D3-BF4B-00C04F79EFBC}") = "Task1", "Task1\Task1.csproj", "{A0B1755B-FB2F-42A0-A216-2AA83B1C2AD7}"
EndProject
Global
	GlobalSection(SolutionConfigurationPlatforms) = preSolution
		Debug|Any CPU = Debug|Any CPU
		Release|Any CPU = Release|Any CPU
	EndGlobalSection
	GlobalSection(ProjectConfigurationPlatforms) = postSolution
		{A0B1755B-FB2F-42A0-A216-2AA83B1C2AD7}.Debug|Any CPU.ActiveCfg = Debug|Any CPU
		{A0B1755B-FB2F-42A0-A216-2AA83B1C2AD7}.Debug|Any CPU.Build.0 = Debug|Any CPU
		{A0B1755B-FB2F-42A0-A216-2AA83B1C2AD7}.Release|Any CPU.ActiveCfg = Release|Any CPU
		{A0B1755B-FB2F-42A0-A216-2AA83B1C2AD7}.Release|Any CPU.Build.0 = Release|Any CPU
	EndGlobalSection
	GlobalSection(SolutionProperties) = preSolution
		HideSolutionNode = FALSE
	EndGlobalSection
	GlobalSection(ExtensibilityGlobals) = postSolution
		SolutionGuid = {F2A86D1A-0EAB-41B7-A32C-23F41DFE7E13}
	EndGlobalSection
EndGlobal
